# generated by rye
# use `rye lock` or `rye sync` to update this lockfile
#
# last locked with the following flags:
#   pre: false
#   features: []
#   all-features: false
#   with-sources: false
#   generate-hashes: false
#   universal: false

-e file:.
gempy==2024.2.0.2
    # via gempy-project
gempy-engine==2024.2.0
    # via gempy
numpy==2.2.1
    # via gempy-engine
python-dotenv==1.0.1
    # via gempy-engine
